
Microsoft Visual Studio Solution File, Format Version 11.00
# Visual Studio 2010
Project("{FAE04EC0-301F-11D3-BF4B-00C04F79EFBC}") = "VitalSignsScheduledReportsService", "VitalSignsScheduledReportsService\VitalSignsScheduledReportsService.csproj", "{31DEE8D1-B692-4E1D-8E0D-A3C2836E6ECB}"
EndProject
Project("{54435603-DBB4-11D2-8724-00A0C9A8B90C}") = "SetupForProjectInstaller", "SetupForProjectInstaller\SetupForProjectInstaller.vdproj", "{3734DDCC-EF69-4EF6-BF89-BEDBB53BDDE7}"
EndProject
Global
	GlobalSection(SolutionConfigurationPlatforms) = preSolution
		Debug|x86 = Debug|x86
		Release|x86 = Release|x86
	EndGlobalSection
	GlobalSection(ProjectConfigurationPlatforms) = postSolution
		{31DEE8D1-B692-4E1D-8E0D-A3C2836E6ECB}.Debug|x86.ActiveCfg = Debug|x86
		{31DEE8D1-B692-4E1D-8E0D-A3C2836E6ECB}.Debug|x86.Build.0 = Debug|x86
		{31DEE8D1-B692-4E1D-8E0D-A3C2836E6ECB}.Release|x86.ActiveCfg = Release|x86
		{31DEE8D1-B692-4E1D-8E0D-A3C2836E6ECB}.Release|x86.Build.0 = Release|x86
		{3734DDCC-EF69-4EF6-BF89-BEDBB53BDDE7}.Debug|x86.ActiveCfg = Debug
		{3734DDCC-EF69-4EF6-BF89-BEDBB53BDDE7}.Release|x86.ActiveCfg = Release
	EndGlobalSection
	GlobalSection(SolutionProperties) = preSolution
		HideSolutionNode = FALSE
	EndGlobalSection
EndGlobal
