
Microsoft Visual Studio Solution File, Format Version 11.00
# Visual Studio 2010
Project("{FAE04EC0-301F-11D3-BF4B-00C04F79EFBC}") = "VSWebBL", "VSWebBL\VSWebBL.csproj", "{E0053D00-6522-43E1-BE2F-25F63BB63692}"
EndProject
Project("{FAE04EC0-301F-11D3-BF4B-00C04F79EFBC}") = "VSWebDAL", "VSWebDAL\VSWebDAL.csproj", "{193A4A45-02C4-455F-8E6F-A42C3117BDAB}"
EndProject
Project("{FAE04EC0-301F-11D3-BF4B-00C04F79EFBC}") = "VSWebDO", "VSWebDO\VSWebDO.csproj", "{A14622A9-D3A7-424E-8ED5-E46BA4282F9A}"
EndProject
Project("{FAE04EC0-301F-11D3-BF4B-00C04F79EFBC}") = "VSWebUI", "VSWebUI\VSWebUI.csproj", "{2150E778-C975-43B0-9531-DEACFE3D6237}"
EndProject
Project("{F184B08F-C81C-45F6-A57F-5ABD9991F28F}") = "VSFramework", "..\VSFramework\VSFramework\VSFramework.vbproj", "{6C0FFC43-9F5B-4832-820B-D274D0FBAC09}"
EndProject
Project("{FAE04EC0-301F-11D3-BF4B-00C04F79EFBC}") = "vsMobileContracts", "..\MobileService\vsMobileContracts\vsMobileContracts.csproj", "{88D82A3D-037F-4B4B-8301-AA5AEEA4EE80}"
EndProject
Project("{FAE04EC0-301F-11D3-BF4B-00C04F79EFBC}") = "vsMobileService", "..\MobileService\vsMobileService\vsMobileService.csproj", "{9E0A150D-D9C2-4861-9059-8D5368F2695D}"
EndProject
Project("{FAE04EC0-301F-11D3-BF4B-00C04F79EFBC}") = "Log", "Log\Log.csproj", "{3253631A-E20B-41EA-8B7A-9C822DE3233F}"
EndProject
Project("{2150E333-8FDC-42A3-9474-1A3956D46DE8}") = "Solution Items", "Solution Items", "{41DD7590-9CCB-424D-82D7-EE685F9FC1C8}"
	ProjectSection(SolutionItems) = preProject
		..\..\..\Users\Public\Documents\DevExpress Demos 13.2\Components\ASP.NET\CS\ASPxEditorsDemos\App_Code\PhotoUtils.cs = ..\..\..\Users\Public\Documents\DevExpress Demos 13.2\Components\ASP.NET\CS\ASPxEditorsDemos\App_Code\PhotoUtils.cs
	EndProjectSection
EndProject
Project("{FAE04EC0-301F-11D3-BF4B-00C04F79EFBC}") = "VitalSignsWebSphereDLL", "..\VitalSignsWebSphereDLL\VitalSignsWebSphereDLL\VitalSignsWebSphereDLL.csproj", "{0A68FB6A-CBDC-4359-8B50-00205806D37F}"
EndProject
Project("{F184B08F-C81C-45F6-A57F-5ABD9991F28F}") = "MonitoredItems", "..\MonitoredItems\MonitoredItems.vbproj", "{F0352188-DCF6-48E7-8A73-43DE89B7F6EC}"
EndProject
Global
	GlobalSection(SolutionConfigurationPlatforms) = preSolution
		Debug|Any CPU = Debug|Any CPU
		Debug|x86 = Debug|x86
		Release|Any CPU = Release|Any CPU
		Release|x86 = Release|x86
	EndGlobalSection
	GlobalSection(ProjectConfigurationPlatforms) = postSolution
		{E0053D00-6522-43E1-BE2F-25F63BB63692}.Debug|Any CPU.ActiveCfg = Debug|Any CPU
		{E0053D00-6522-43E1-BE2F-25F63BB63692}.Debug|Any CPU.Build.0 = Debug|Any CPU
		{E0053D00-6522-43E1-BE2F-25F63BB63692}.Debug|x86.ActiveCfg = Debug|x86
		{E0053D00-6522-43E1-BE2F-25F63BB63692}.Debug|x86.Build.0 = Debug|x86
		{E0053D00-6522-43E1-BE2F-25F63BB63692}.Release|Any CPU.ActiveCfg = Release|Any CPU
		{E0053D00-6522-43E1-BE2F-25F63BB63692}.Release|Any CPU.Build.0 = Release|Any CPU
		{E0053D00-6522-43E1-BE2F-25F63BB63692}.Release|x86.ActiveCfg = Release|x86
		{E0053D00-6522-43E1-BE2F-25F63BB63692}.Release|x86.Build.0 = Release|x86
		{193A4A45-02C4-455F-8E6F-A42C3117BDAB}.Debug|Any CPU.ActiveCfg = Debug|Any CPU
		{193A4A45-02C4-455F-8E6F-A42C3117BDAB}.Debug|Any CPU.Build.0 = Debug|Any CPU
		{193A4A45-02C4-455F-8E6F-A42C3117BDAB}.Debug|x86.ActiveCfg = Debug|x86
		{193A4A45-02C4-455F-8E6F-A42C3117BDAB}.Debug|x86.Build.0 = Debug|x86
		{193A4A45-02C4-455F-8E6F-A42C3117BDAB}.Release|Any CPU.ActiveCfg = Release|Any CPU
		{193A4A45-02C4-455F-8E6F-A42C3117BDAB}.Release|Any CPU.Build.0 = Release|Any CPU
		{193A4A45-02C4-455F-8E6F-A42C3117BDAB}.Release|x86.ActiveCfg = Release|x86
		{193A4A45-02C4-455F-8E6F-A42C3117BDAB}.Release|x86.Build.0 = Release|x86
		{A14622A9-D3A7-424E-8ED5-E46BA4282F9A}.Debug|Any CPU.ActiveCfg = Debug|Any CPU
		{A14622A9-D3A7-424E-8ED5-E46BA4282F9A}.Debug|Any CPU.Build.0 = Debug|Any CPU
		{A14622A9-D3A7-424E-8ED5-E46BA4282F9A}.Debug|x86.ActiveCfg = Debug|x86
		{A14622A9-D3A7-424E-8ED5-E46BA4282F9A}.Debug|x86.Build.0 = Debug|x86
		{A14622A9-D3A7-424E-8ED5-E46BA4282F9A}.Release|Any CPU.ActiveCfg = Release|Any CPU
		{A14622A9-D3A7-424E-8ED5-E46BA4282F9A}.Release|Any CPU.Build.0 = Release|Any CPU
		{A14622A9-D3A7-424E-8ED5-E46BA4282F9A}.Release|x86.ActiveCfg = Release|x86
		{A14622A9-D3A7-424E-8ED5-E46BA4282F9A}.Release|x86.Build.0 = Release|x86
		{2150E778-C975-43B0-9531-DEACFE3D6237}.Debug|Any CPU.ActiveCfg = Debug|Any CPU
		{2150E778-C975-43B0-9531-DEACFE3D6237}.Debug|Any CPU.Build.0 = Debug|Any CPU
		{2150E778-C975-43B0-9531-DEACFE3D6237}.Debug|x86.ActiveCfg = Debug|x86
		{2150E778-C975-43B0-9531-DEACFE3D6237}.Debug|x86.Build.0 = Debug|x86
		{2150E778-C975-43B0-9531-DEACFE3D6237}.Release|Any CPU.ActiveCfg = Release|Any CPU
		{2150E778-C975-43B0-9531-DEACFE3D6237}.Release|Any CPU.Build.0 = Release|Any CPU
		{2150E778-C975-43B0-9531-DEACFE3D6237}.Release|x86.ActiveCfg = Release|x86
		{2150E778-C975-43B0-9531-DEACFE3D6237}.Release|x86.Build.0 = Release|x86
		{6C0FFC43-9F5B-4832-820B-D274D0FBAC09}.Debug|Any CPU.ActiveCfg = Debug|Any CPU
		{6C0FFC43-9F5B-4832-820B-D274D0FBAC09}.Debug|Any CPU.Build.0 = Debug|Any CPU
		{6C0FFC43-9F5B-4832-820B-D274D0FBAC09}.Debug|x86.ActiveCfg = Debug|x86
		{6C0FFC43-9F5B-4832-820B-D274D0FBAC09}.Debug|x86.Build.0 = Debug|x86
		{6C0FFC43-9F5B-4832-820B-D274D0FBAC09}.Release|Any CPU.ActiveCfg = Release|Any CPU
		{6C0FFC43-9F5B-4832-820B-D274D0FBAC09}.Release|Any CPU.Build.0 = Release|Any CPU
		{6C0FFC43-9F5B-4832-820B-D274D0FBAC09}.Release|x86.ActiveCfg = Release|x86
		{6C0FFC43-9F5B-4832-820B-D274D0FBAC09}.Release|x86.Build.0 = Release|x86
		{88D82A3D-037F-4B4B-8301-AA5AEEA4EE80}.Debug|Any CPU.ActiveCfg = Debug|Any CPU
		{88D82A3D-037F-4B4B-8301-AA5AEEA4EE80}.Debug|Any CPU.Build.0 = Debug|Any CPU
		{88D82A3D-037F-4B4B-8301-AA5AEEA4EE80}.Debug|x86.ActiveCfg = Debug|Any CPU
		{88D82A3D-037F-4B4B-8301-AA5AEEA4EE80}.Release|Any CPU.ActiveCfg = Release|Any CPU
		{88D82A3D-037F-4B4B-8301-AA5AEEA4EE80}.Release|Any CPU.Build.0 = Release|Any CPU
		{88D82A3D-037F-4B4B-8301-AA5AEEA4EE80}.Release|x86.ActiveCfg = Release|Any CPU
		{9E0A150D-D9C2-4861-9059-8D5368F2695D}.Debug|Any CPU.ActiveCfg = Debug|Any CPU
		{9E0A150D-D9C2-4861-9059-8D5368F2695D}.Debug|Any CPU.Build.0 = Debug|Any CPU
		{9E0A150D-D9C2-4861-9059-8D5368F2695D}.Debug|x86.ActiveCfg = Debug|Any CPU
		{9E0A150D-D9C2-4861-9059-8D5368F2695D}.Release|Any CPU.ActiveCfg = Release|Any CPU
		{9E0A150D-D9C2-4861-9059-8D5368F2695D}.Release|Any CPU.Build.0 = Release|Any CPU
		{9E0A150D-D9C2-4861-9059-8D5368F2695D}.Release|x86.ActiveCfg = Release|Any CPU
		{3253631A-E20B-41EA-8B7A-9C822DE3233F}.Debug|Any CPU.ActiveCfg = Debug|Any CPU
		{3253631A-E20B-41EA-8B7A-9C822DE3233F}.Debug|Any CPU.Build.0 = Debug|Any CPU
		{3253631A-E20B-41EA-8B7A-9C822DE3233F}.Debug|x86.ActiveCfg = Debug|Any CPU
		{3253631A-E20B-41EA-8B7A-9C822DE3233F}.Release|Any CPU.ActiveCfg = Release|Any CPU
		{3253631A-E20B-41EA-8B7A-9C822DE3233F}.Release|Any CPU.Build.0 = Release|Any CPU
		{3253631A-E20B-41EA-8B7A-9C822DE3233F}.Release|x86.ActiveCfg = Release|Any CPU
		{0A68FB6A-CBDC-4359-8B50-00205806D37F}.Debug|Any CPU.ActiveCfg = Debug|Any CPU
		{0A68FB6A-CBDC-4359-8B50-00205806D37F}.Debug|Any CPU.Build.0 = Debug|Any CPU
		{0A68FB6A-CBDC-4359-8B50-00205806D37F}.Debug|x86.ActiveCfg = Debug|Any CPU
		{0A68FB6A-CBDC-4359-8B50-00205806D37F}.Release|Any CPU.ActiveCfg = Release|Any CPU
		{0A68FB6A-CBDC-4359-8B50-00205806D37F}.Release|Any CPU.Build.0 = Release|Any CPU
		{0A68FB6A-CBDC-4359-8B50-00205806D37F}.Release|x86.ActiveCfg = Release|Any CPU
		{F0352188-DCF6-48E7-8A73-43DE89B7F6EC}.Debug|Any CPU.ActiveCfg = Debug|Any CPU
		{F0352188-DCF6-48E7-8A73-43DE89B7F6EC}.Debug|Any CPU.Build.0 = Debug|Any CPU
		{F0352188-DCF6-48E7-8A73-43DE89B7F6EC}.Debug|x86.ActiveCfg = Debug|Any CPU
		{F0352188-DCF6-48E7-8A73-43DE89B7F6EC}.Release|Any CPU.ActiveCfg = Release|Any CPU
		{F0352188-DCF6-48E7-8A73-43DE89B7F6EC}.Release|Any CPU.Build.0 = Release|Any CPU
		{F0352188-DCF6-48E7-8A73-43DE89B7F6EC}.Release|x86.ActiveCfg = Release|Any CPU
	EndGlobalSection
	GlobalSection(SolutionProperties) = preSolution
		HideSolutionNode = FALSE
	EndGlobalSection
EndGlobal
