
Microsoft Visual Studio Solution File, Format Version 11.00
# Visual Studio 2010
Project("{F184B08F-C81C-45F6-A57F-5ABD9991F28F}") = "VitalSignsCore64Bit", "VitalSignsCore64Bit.vbproj", "{1CF2320B-4763-446B-9854-069AC3FFCD8B}"
EndProject
Project("{F184B08F-C81C-45F6-A57F-5ABD9991F28F}") = "AlertLibrary", "..\AlertService\AlertLibrary\AlertLibrary\AlertLibrary.vbproj", "{BDA12085-9E5C-456D-BA3D-2D509B0CAD92}"
EndProject
Project("{F184B08F-C81C-45F6-A57F-5ABD9991F28F}") = "MaintenanceDLL", "..\MaintenanceDLL\MaintenanceDLL\MaintenanceDLL.vbproj", "{94F6BE04-8F1E-4EEE-B6E0-B04125395C10}"
EndProject
Project("{F184B08F-C81C-45F6-A57F-5ABD9991F28F}") = "MonitoredItems", "..\MonitoredItems\MonitoredItems.vbproj", "{F0352188-DCF6-48E7-8A73-43DE89B7F6EC}"
EndProject
Project("{F184B08F-C81C-45F6-A57F-5ABD9991F28F}") = "VSFramework", "..\VSFramework\VSFramework\VSFramework.vbproj", "{6C0FFC43-9F5B-4832-820B-D274D0FBAC09}"
EndProject
Global
	GlobalSection(SolutionConfigurationPlatforms) = preSolution
		Debug|Any CPU = Debug|Any CPU
		Debug|Mixed Platforms = Debug|Mixed Platforms
		Debug|x86 = Debug|x86
		Release|Any CPU = Release|Any CPU
		Release|Mixed Platforms = Release|Mixed Platforms
		Release|x86 = Release|x86
	EndGlobalSection
	GlobalSection(ProjectConfigurationPlatforms) = postSolution
		{1CF2320B-4763-446B-9854-069AC3FFCD8B}.Debug|Any CPU.ActiveCfg = Debug|x86
		{1CF2320B-4763-446B-9854-069AC3FFCD8B}.Debug|Any CPU.Build.0 = Debug|x86
		{1CF2320B-4763-446B-9854-069AC3FFCD8B}.Debug|Mixed Platforms.ActiveCfg = Debug|Any CPU
		{1CF2320B-4763-446B-9854-069AC3FFCD8B}.Debug|Mixed Platforms.Build.0 = Debug|Any CPU
		{1CF2320B-4763-446B-9854-069AC3FFCD8B}.Debug|x86.ActiveCfg = Debug|x86
		{1CF2320B-4763-446B-9854-069AC3FFCD8B}.Debug|x86.Build.0 = Debug|x86
		{1CF2320B-4763-446B-9854-069AC3FFCD8B}.Release|Any CPU.ActiveCfg = Release|x86
		{1CF2320B-4763-446B-9854-069AC3FFCD8B}.Release|Mixed Platforms.ActiveCfg = Release|x86
		{1CF2320B-4763-446B-9854-069AC3FFCD8B}.Release|Mixed Platforms.Build.0 = Release|x86
		{1CF2320B-4763-446B-9854-069AC3FFCD8B}.Release|x86.ActiveCfg = Release|x86
		{1CF2320B-4763-446B-9854-069AC3FFCD8B}.Release|x86.Build.0 = Release|x86
		{BDA12085-9E5C-456D-BA3D-2D509B0CAD92}.Debug|Any CPU.ActiveCfg = Debug|Any CPU
		{BDA12085-9E5C-456D-BA3D-2D509B0CAD92}.Debug|Any CPU.Build.0 = Debug|Any CPU
		{BDA12085-9E5C-456D-BA3D-2D509B0CAD92}.Debug|Mixed Platforms.ActiveCfg = Debug|Any CPU
		{BDA12085-9E5C-456D-BA3D-2D509B0CAD92}.Debug|Mixed Platforms.Build.0 = Debug|Any CPU
		{BDA12085-9E5C-456D-BA3D-2D509B0CAD92}.Debug|x86.ActiveCfg = Debug|Any CPU
		{BDA12085-9E5C-456D-BA3D-2D509B0CAD92}.Release|Any CPU.ActiveCfg = Release|Any CPU
		{BDA12085-9E5C-456D-BA3D-2D509B0CAD92}.Release|Any CPU.Build.0 = Release|Any CPU
		{BDA12085-9E5C-456D-BA3D-2D509B0CAD92}.Release|Mixed Platforms.ActiveCfg = Release|Any CPU
		{BDA12085-9E5C-456D-BA3D-2D509B0CAD92}.Release|Mixed Platforms.Build.0 = Release|Any CPU
		{BDA12085-9E5C-456D-BA3D-2D509B0CAD92}.Release|x86.ActiveCfg = Release|Any CPU
		{94F6BE04-8F1E-4EEE-B6E0-B04125395C10}.Debug|Any CPU.ActiveCfg = Debug|Any CPU
		{94F6BE04-8F1E-4EEE-B6E0-B04125395C10}.Debug|Any CPU.Build.0 = Debug|Any CPU
		{94F6BE04-8F1E-4EEE-B6E0-B04125395C10}.Debug|Mixed Platforms.ActiveCfg = Debug|Any CPU
		{94F6BE04-8F1E-4EEE-B6E0-B04125395C10}.Debug|Mixed Platforms.Build.0 = Debug|Any CPU
		{94F6BE04-8F1E-4EEE-B6E0-B04125395C10}.Debug|x86.ActiveCfg = Debug|Any CPU
		{94F6BE04-8F1E-4EEE-B6E0-B04125395C10}.Release|Any CPU.ActiveCfg = Release|Any CPU
		{94F6BE04-8F1E-4EEE-B6E0-B04125395C10}.Release|Any CPU.Build.0 = Release|Any CPU
		{94F6BE04-8F1E-4EEE-B6E0-B04125395C10}.Release|Mixed Platforms.ActiveCfg = Release|Any CPU
		{94F6BE04-8F1E-4EEE-B6E0-B04125395C10}.Release|Mixed Platforms.Build.0 = Release|Any CPU
		{94F6BE04-8F1E-4EEE-B6E0-B04125395C10}.Release|x86.ActiveCfg = Release|Any CPU
		{F0352188-DCF6-48E7-8A73-43DE89B7F6EC}.Debug|Any CPU.ActiveCfg = Debug|Any CPU
		{F0352188-DCF6-48E7-8A73-43DE89B7F6EC}.Debug|Any CPU.Build.0 = Debug|Any CPU
		{F0352188-DCF6-48E7-8A73-43DE89B7F6EC}.Debug|Mixed Platforms.ActiveCfg = Debug|Any CPU
		{F0352188-DCF6-48E7-8A73-43DE89B7F6EC}.Debug|Mixed Platforms.Build.0 = Debug|Any CPU
		{F0352188-DCF6-48E7-8A73-43DE89B7F6EC}.Debug|x86.ActiveCfg = Debug|Any CPU
		{F0352188-DCF6-48E7-8A73-43DE89B7F6EC}.Release|Any CPU.ActiveCfg = Release|Any CPU
		{F0352188-DCF6-48E7-8A73-43DE89B7F6EC}.Release|Any CPU.Build.0 = Release|Any CPU
		{F0352188-DCF6-48E7-8A73-43DE89B7F6EC}.Release|Mixed Platforms.ActiveCfg = Release|Any CPU
		{F0352188-DCF6-48E7-8A73-43DE89B7F6EC}.Release|Mixed Platforms.Build.0 = Release|Any CPU
		{F0352188-DCF6-48E7-8A73-43DE89B7F6EC}.Release|x86.ActiveCfg = Release|Any CPU
		{6C0FFC43-9F5B-4832-820B-D274D0FBAC09}.Debug|Any CPU.ActiveCfg = Debug|Any CPU
		{6C0FFC43-9F5B-4832-820B-D274D0FBAC09}.Debug|Any CPU.Build.0 = Debug|Any CPU
		{6C0FFC43-9F5B-4832-820B-D274D0FBAC09}.Debug|Mixed Platforms.ActiveCfg = Debug|Any CPU
		{6C0FFC43-9F5B-4832-820B-D274D0FBAC09}.Debug|Mixed Platforms.Build.0 = Debug|Any CPU
		{6C0FFC43-9F5B-4832-820B-D274D0FBAC09}.Debug|x86.ActiveCfg = Debug|x86
		{6C0FFC43-9F5B-4832-820B-D274D0FBAC09}.Debug|x86.Build.0 = Debug|x86
		{6C0FFC43-9F5B-4832-820B-D274D0FBAC09}.Release|Any CPU.ActiveCfg = Release|Any CPU
		{6C0FFC43-9F5B-4832-820B-D274D0FBAC09}.Release|Any CPU.Build.0 = Release|Any CPU
		{6C0FFC43-9F5B-4832-820B-D274D0FBAC09}.Release|Mixed Platforms.ActiveCfg = Release|Any CPU
		{6C0FFC43-9F5B-4832-820B-D274D0FBAC09}.Release|Mixed Platforms.Build.0 = Release|Any CPU
		{6C0FFC43-9F5B-4832-820B-D274D0FBAC09}.Release|x86.ActiveCfg = Release|x86
		{6C0FFC43-9F5B-4832-820B-D274D0FBAC09}.Release|x86.Build.0 = Release|x86
	EndGlobalSection
	GlobalSection(SolutionProperties) = preSolution
		HideSolutionNode = FALSE
	EndGlobalSection
EndGlobal
