
Microsoft Visual Studio Solution File, Format Version 12.00
# Visual Studio 14
VisualStudioVersion = 14.0.24720.0
MinimumVisualStudioVersion = 10.0.40219.1
Project("{FAE04EC0-301F-11D3-BF4B-00C04F79EFBC}") = "VSNext.Mongo.Entities", "VSNext.Mongo.Entities\VSNext.Mongo.Entities.csproj", "{B6E35DE1-EDF3-40E3-879F-E65D87C03B85}"
EndProject
Project("{FAE04EC0-301F-11D3-BF4B-00C04F79EFBC}") = "VSNext.Mongo.Repository", "VSNext.Mongo.Repository\VSNext.Mongo.Repository.csproj", "{155E4118-6435-461F-93E0-542F9936D328}"
EndProject
Global
	GlobalSection(SolutionConfigurationPlatforms) = preSolution
		Debug|Any CPU = Debug|Any CPU
		Release|Any CPU = Release|Any CPU
	EndGlobalSection
	GlobalSection(ProjectConfigurationPlatforms) = postSolution
		{B6E35DE1-EDF3-40E3-879F-E65D87C03B85}.Debug|Any CPU.ActiveCfg = Debug|Any CPU
		{B6E35DE1-EDF3-40E3-879F-E65D87C03B85}.Debug|Any CPU.Build.0 = Debug|Any CPU
		{B6E35DE1-EDF3-40E3-879F-E65D87C03B85}.Release|Any CPU.ActiveCfg = Release|Any CPU
		{B6E35DE1-EDF3-40E3-879F-E65D87C03B85}.Release|Any CPU.Build.0 = Release|Any CPU
		{155E4118-6435-461F-93E0-542F9936D328}.Debug|Any CPU.ActiveCfg = Debug|Any CPU
		{155E4118-6435-461F-93E0-542F9936D328}.Debug|Any CPU.Build.0 = Debug|Any CPU
		{155E4118-6435-461F-93E0-542F9936D328}.Release|Any CPU.ActiveCfg = Release|Any CPU
		{155E4118-6435-461F-93E0-542F9936D328}.Release|Any CPU.Build.0 = Release|Any CPU
	EndGlobalSection
	GlobalSection(SolutionProperties) = preSolution
		HideSolutionNode = FALSE
	EndGlobalSection
EndGlobal
